
Microsoft Visual Studio Solution File, Format Version 12.00
# Visual Studio Version 17
VisualStudioVersion = 17.7.34031.279
MinimumVisualStudioVersion = 10.0.40219.1
Project("{FAE04EC0-301F-11D3-BF4B-00C04F79EFBC}") = "Space Defender", "Space Defender\Space Defender.csproj", "{3216F699-16ED-4435-B3F6-571DF20AB531}"
EndProject
Global
	GlobalSection(SolutionConfigurationPlatforms) = preSolution
		Debug|Any CPU = Debug|Any CPU
		Release|Any CPU = Release|Any CPU
	EndGlobalSection
	GlobalSection(ProjectConfigurationPlatforms) = postSolution
		{3216F699-16ED-4435-B3F6-571DF20AB531}.Debug|Any CPU.ActiveCfg = Debug|Any CPU
		{3216F699-16ED-4435-B3F6-571DF20AB531}.Debug|Any CPU.Build.0 = Debug|Any CPU
		{3216F699-16ED-4435-B3F6-571DF20AB531}.Release|Any CPU.ActiveCfg = Release|Any CPU
		{3216F699-16ED-4435-B3F6-571DF20AB531}.Release|Any CPU.Build.0 = Release|Any CPU
	EndGlobalSection
	GlobalSection(SolutionProperties) = preSolution
		HideSolutionNode = FALSE
	EndGlobalSection
	GlobalSection(ExtensibilityGlobals) = postSolution
		SolutionGuid = {A9CD1C97-3D89-404B-A99E-A660E875902D}
	EndGlobalSection
EndGlobal
